
Microsoft Visual Studio Solution File, Format Version 12.00
# Visual Studio Version 17
VisualStudioVersion = 17.3.32819.101
MinimumVisualStudioVersion = 10.0.40219.1
Project("{54A90642-561A-4BB1-A94E-469ADEE60C69}") = "weather", "weather.esproj", "{1682F5ED-91A3-4259-B33D-004127A69664}"
EndProject
Global
	GlobalSection(SolutionConfigurationPlatforms) = preSolution
		Debug|Any CPU = Debug|Any CPU
		Release|Any CPU = Release|Any CPU
	EndGlobalSection
	GlobalSection(ProjectConfigurationPlatforms) = postSolution
		{1682F5ED-91A3-4259-B33D-004127A69664}.Debug|Any CPU.ActiveCfg = Debug|Any CPU
		{1682F5ED-91A3-4259-B33D-004127A69664}.Debug|Any CPU.Build.0 = Debug|Any CPU
		{1682F5ED-91A3-4259-B33D-004127A69664}.Debug|Any CPU.Deploy.0 = Debug|Any CPU
		{1682F5ED-91A3-4259-B33D-004127A69664}.Release|Any CPU.ActiveCfg = Release|Any CPU
		{1682F5ED-91A3-4259-B33D-004127A69664}.Release|Any CPU.Build.0 = Release|Any CPU
		{1682F5ED-91A3-4259-B33D-004127A69664}.Release|Any CPU.Deploy.0 = Release|Any CPU
	EndGlobalSection
	GlobalSection(SolutionProperties) = preSolution
		HideSolutionNode = FALSE
	EndGlobalSection
	GlobalSection(ExtensibilityGlobals) = postSolution
		SolutionGuid = {B20109A2-23CF-435C-818E-D9B0AA7D3B02}
	EndGlobalSection
EndGlobal
